// !$*UTF8*$!
{
	archiveVersion = 1;
	classes = {
	};
	objectVersion = 48;
	objects = {

/* Begin PBXBuildFile section */
		C3D480023EB14419FCE2B040 /* libPods-AopTestDemo.a in Frameworks */ = {isa = PBXBuildFile; fileRef = 69BFADF50FFAA94F40C6E975 /* libPods-AopTestDemo.a */; };
		F700C0912090787E00FF3600 /* AppDelegate.m in Sources */ = {isa = PBXBuildFile; fileRef = F700C0902090787E00FF3600 /* AppDelegate.m */; };
		F700C0942090787E00FF3600 /* ViewController.m in Sources */ = {isa = PBXBuildFile; fileRef = F700C0932090787E00FF3600 /* ViewController.m */; };
		F700C0972090787E00FF3600 /* Main.storyboard in Resources */ = {isa = PBXBuildFile; fileRef = F700C0952090787E00FF3600 /* Main.storyboard */; };
		F700C0992090787E00FF3600 /* Assets.xcassets in Resources */ = {isa = PBXBuildFile; fileRef = F700C0982090787E00FF3600 /* Assets.xcassets */; };
		F700C09C2090787E00FF3600 /* LaunchScreen.storyboard in Resources */ = {isa = PBXBuildFile; fileRef = F700C09A2090787E00FF3600 /* LaunchScreen.storyboard */; };
		F700C09F2090787E00FF3600 /* main.m in Sources */ = {isa = PBXBuildFile; fileRef = F700C09E2090787E00FF3600 /* main.m */; };
		F700C0A92090787E00FF3600 /* AopTestDemoTests.m in Sources */ = {isa = PBXBuildFile; fileRef = F700C0A82090787E00FF3600 /* AopTestDemoTests.m */; };
		F700C0B42090787E00FF3600 /* AopTestDemoUITests.m in Sources */ = {isa = PBXBuildFile; fileRef = F700C0B32090787E00FF3600 /* AopTestDemoUITests.m */; };
		F700C0C420907AC400FF3600 /* TraceHandler.m in Sources */ = {isa = PBXBuildFile; fileRef = F700C0C320907AC400FF3600 /* TraceHandler.m */; };
		F700C0C920907B8300FF3600 /* UIViewController+Trace.m in Sources */ = {isa = PBXBuildFile; fileRef = F700C0C820907B8300FF3600 /* UIViewController+Trace.m */; };
		F785BF6420907D0E00C12012 /* AppDelegate+Trace.m in Sources */ = {isa = PBXBuildFile; fileRef = F785BF6320907D0E00C12012 /* AppDelegate+Trace.m */; };
		F785BF6720907D2E00C12012 /* TraceManager.m in Sources */ = {isa = PBXBuildFile; fileRef = F785BF6620907D2E00C12012 /* TraceManager.m */; };
		F785BF6A20907DEA00C12012 /* Test1ViewController.m in Sources */ = {isa = PBXBuildFile; fileRef = F785BF6920907DEA00C12012 /* Test1ViewController.m */; };
		F785BF6D20907DF700C12012 /* Test2ViewController.m in Sources */ = {isa = PBXBuildFile; fileRef = F785BF6C20907DF700C12012 /* Test2ViewController.m */; };
/* End PBXBuildFile section */

/* Begin PBXContainerItemProxy section */
		F700C0A52090787E00FF3600 /* PBXContainerItemProxy */ = {
			isa = PBXContainerItemProxy;
			containerPortal = F700C0842090787E00FF3600 /* Project object */;
			proxyType = 1;
			remoteGlobalIDString = F700C08B2090787E00FF3600;
			remoteInfo = AopTestDemo;
		};
		F700C0B02090787E00FF3600 /* PBXContainerItemProxy */ = {
			isa = PBXContainerItemProxy;
			containerPortal = F700C0842090787E00FF3600 /* Project object */;
			proxyType = 1;
			remoteGlobalIDString = F700C08B2090787E00FF3600;
			remoteInfo = AopTestDemo;
		};
/* End PBXContainerItemProxy section */

/* Begin PBXFileReference section */
		34D188716BE872AAEFF26A6F /* Pods-AopTestDemo.debug.xcconfig */ = {isa = PBXFileReference; includeInIndex = 1; lastKnownFileType = text.xcconfig; name = "Pods-AopTestDemo.debug.xcconfig"; path = "Pods/Target Support Files/Pods-AopTestDemo/Pods-AopTestDemo.debug.xcconfig"; sourceTree = "<group>"; };
		69BFADF50FFAA94F40C6E975 /* libPods-AopTestDemo.a */ = {isa = PBXFileReference; explicitFileType = archive.ar; includeInIndex = 0; path = "libPods-AopTestDemo.a"; sourceTree = BUILT_PRODUCTS_DIR; };
		872B27620BBB23AA83EB8746 /* Pods-AopTestDemo.release.xcconfig */ = {isa = PBXFileReference; includeInIndex = 1; lastKnownFileType = text.xcconfig; name = "Pods-AopTestDemo.release.xcconfig"; path = "Pods/Target Support Files/Pods-AopTestDemo/Pods-AopTestDemo.release.xcconfig"; sourceTree = "<group>"; };
		F700C08C2090787E00FF3600 /* AopTestDemo.app */ = {isa = PBXFileReference; explicitFileType = wrapper.application; includeInIndex = 0; path = AopTestDemo.app; sourceTree = BUILT_PRODUCTS_DIR; };
		F700C08F2090787E00FF3600 /* AppDelegate.h */ = {isa = PBXFileReference; lastKnownFileType = sourcecode.c.h; path = AppDelegate.h; sourceTree = "<group>"; };
		F700C0902090787E00FF3600 /* AppDelegate.m */ = {isa = PBXFileReference; lastKnownFileType = sourcecode.c.objc; path = AppDelegate.m; sourceTree = "<group>"; };
		F700C0922090787E00FF3600 /* ViewController.h */ = {isa = PBXFileReference; lastKnownFileType = sourcecode.c.h; path = ViewController.h; sourceTree = "<group>"; };
		F700C0932090787E00FF3600 /* ViewController.m */ = {isa = PBXFileReference; lastKnownFileType = sourcecode.c.objc; path = ViewController.m; sourceTree = "<group>"; };
		F700C0962090787E00FF3600 /* Base */ = {isa = PBXFileReference; lastKnownFileType = file.storyboard; name = Base; path = Base.lproj/Main.storyboard; sourceTree = "<group>"; };
		F700C0982090787E00FF3600 /* Assets.xcassets */ = {isa = PBXFileReference; lastKnownFileType = folder.assetcatalog; path = Assets.xcassets; sourceTree = "<group>"; };
		F700C09B2090787E00FF3600 /* Base */ = {isa = PBXFileReference; lastKnownFileType = file.storyboard; name = Base; path = Base.lproj/LaunchScreen.storyboard; sourceTree = "<group>"; };
		F700C09D2090787E00FF3600 /* Info.plist */ = {isa = PBXFileReference; lastKnownFileType = text.plist.xml; path = Info.plist; sourceTree = "<group>"; };
		F700C09E2090787E00FF3600 /* main.m */ = {isa = PBXFileReference; lastKnownFileType = sourcecode.c.objc; path = main.m; sourceTree = "<group>"; };
		F700C0A42090787E00FF3600 /* AopTestDemoTests.xctest */ = {isa = PBXFileReference; explicitFileType = wrapper.cfbundle; includeInIndex = 0; path = AopTestDemoTests.xctest; sourceTree = BUILT_PRODUCTS_DIR; };
		F700C0A82090787E00FF3600 /* AopTestDemoTests.m */ = {isa = PBXFileReference; lastKnownFileType = sourcecode.c.objc; path = AopTestDemoTests.m; sourceTree = "<group>"; };
		F700C0AA2090787E00FF3600 /* Info.plist */ = {isa = PBXFileReference; lastKnownFileType = text.plist.xml; path = Info.plist; sourceTree = "<group>"; };
		F700C0AF2090787E00FF3600 /* AopTestDemoUITests.xctest */ = {isa = PBXFileReference; explicitFileType = wrapper.cfbundle; includeInIndex = 0; path = AopTestDemoUITests.xctest; sourceTree = BUILT_PRODUCTS_DIR; };
		F700C0B32090787E00FF3600 /* AopTestDemoUITests.m */ = {isa = PBXFileReference; lastKnownFileType = sourcecode.c.objc; path = AopTestDemoUITests.m; sourceTree = "<group>"; };
		F700C0B52090787E00FF3600 /* Info.plist */ = {isa = PBXFileReference; lastKnownFileType = text.plist.xml; path = Info.plist; sourceTree = "<group>"; };
		F700C0C220907AC400FF3600 /* TraceHandler.h */ = {isa = PBXFileReference; lastKnownFileType = sourcecode.c.h; path = TraceHandler.h; sourceTree = "<group>"; };
		F700C0C320907AC400FF3600 /* TraceHandler.m */ = {isa = PBXFileReference; lastKnownFileType = sourcecode.c.objc; path = TraceHandler.m; sourceTree = "<group>"; };
		F700C0C720907B8300FF3600 /* UIViewController+Trace.h */ = {isa = PBXFileReference; lastKnownFileType = sourcecode.c.h; path = "UIViewController+Trace.h"; sourceTree = "<group>"; };
		F700C0C820907B8300FF3600 /* UIViewController+Trace.m */ = {isa = PBXFileReference; lastKnownFileType = sourcecode.c.objc; path = "UIViewController+Trace.m"; sourceTree = "<group>"; };
		F785BF6220907D0E00C12012 /* AppDelegate+Trace.h */ = {isa = PBXFileReference; lastKnownFileType = sourcecode.c.h; path = "AppDelegate+Trace.h"; sourceTree = "<group>"; };
		F785BF6320907D0E00C12012 /* AppDelegate+Trace.m */ = {isa = PBXFileReference; lastKnownFileType = sourcecode.c.objc; path = "AppDelegate+Trace.m"; sourceTree = "<group>"; };
		F785BF6520907D2E00C12012 /* TraceManager.h */ = {isa = PBXFileReference; lastKnownFileType = sourcecode.c.h; path = TraceManager.h; sourceTree = "<group>"; };
		F785BF6620907D2E00C12012 /* TraceManager.m */ = {isa = PBXFileReference; lastKnownFileType = sourcecode.c.objc; path = TraceManager.m; sourceTree = "<group>"; };
		F785BF6820907DEA00C12012 /* Test1ViewController.h */ = {isa = PBXFileReference; lastKnownFileType = sourcecode.c.h; path = Test1ViewController.h; sourceTree = "<group>"; };
		F785BF6920907DEA00C12012 /* Test1ViewController.m */ = {isa = PBXFileReference; lastKnownFileType = sourcecode.c.objc; path = Test1ViewController.m; sourceTree = "<group>"; };
		F785BF6B20907DF700C12012 /* Test2ViewController.h */ = {isa = PBXFileReference; lastKnownFileType = sourcecode.c.h; path = Test2ViewController.h; sourceTree = "<group>"; };
		F785BF6C20907DF700C12012 /* Test2ViewController.m */ = {isa = PBXFileReference; lastKnownFileType = sourcecode.c.objc; path = Test2ViewController.m; sourceTree = "<group>"; };
/* End PBXFileReference section */

/* Begin PBXFrameworksBuildPhase section */
		F700C0892090787E00FF3600 /* Frameworks */ = {
			isa = PBXFrameworksBuildPhase;
			buildActionMask = 2147483647;
			files = (
				C3D480023EB14419FCE2B040 /* libPods-AopTestDemo.a in Frameworks */,
			);
			runOnlyForDeploymentPostprocessing = 0;
		};
		F700C0A12090787E00FF3600 /* Frameworks */ = {
			isa = PBXFrameworksBuildPhase;
			buildActionMask = 2147483647;
			files = (
			);
			runOnlyForDeploymentPostprocessing = 0;
		};
		F700C0AC2090787E00FF3600 /* Frameworks */ = {
			isa = PBXFrameworksBuildPhase;
			buildActionMask = 2147483647;
			files = (
			);
			runOnlyForDeploymentPostprocessing = 0;
		};
/* End PBXFrameworksBuildPhase section */

/* Begin PBXGroup section */
		B11368BEC9919F318211757A /* Frameworks */ = {
			isa = PBXGroup;
			children = (
				69BFADF50FFAA94F40C6E975 /* libPods-AopTestDemo.a */,
			);
			name = Frameworks;
			sourceTree = "<group>";
		};
		D35A663A0194EF88E248F164 /* Pods */ = {
			isa = PBXGroup;
			children = (
				34D188716BE872AAEFF26A6F /* Pods-AopTestDemo.debug.xcconfig */,
				872B27620BBB23AA83EB8746 /* Pods-AopTestDemo.release.xcconfig */,
			);
			name = Pods;
			sourceTree = "<group>";
		};
		F700C0832090787E00FF3600 = {
			isa = PBXGroup;
			children = (
				F700C08E2090787E00FF3600 /* AopTestDemo */,
				F700C0A72090787E00FF3600 /* AopTestDemoTests */,
				F700C0B22090787E00FF3600 /* AopTestDemoUITests */,
				F700C08D2090787E00FF3600 /* Products */,
				D35A663A0194EF88E248F164 /* Pods */,
				B11368BEC9919F318211757A /* Frameworks */,
			);
			sourceTree = "<group>";
		};
		F700C08D2090787E00FF3600 /* Products */ = {
			isa = PBXGroup;
			children = (
				F700C08C2090787E00FF3600 /* AopTestDemo.app */,
				F700C0A42090787E00FF3600 /* AopTestDemoTests.xctest */,
				F700C0AF2090787E00FF3600 /* AopTestDemoUITests.xctest */,
			);
			name = Products;
			sourceTree = "<group>";
		};
		F700C08E2090787E00FF3600 /* AopTestDemo */ = {
			isa = PBXGroup;
			children = (
				F785BF6120907CCD00C12012 /* TestViewController */,
				F700C0C12090789000FF3600 /* CMAopPackage */,
				F700C08F2090787E00FF3600 /* AppDelegate.h */,
				F700C0902090787E00FF3600 /* AppDelegate.m */,
				F700C0922090787E00FF3600 /* ViewController.h */,
				F700C0932090787E00FF3600 /* ViewController.m */,
				F700C0952090787E00FF3600 /* Main.storyboard */,
				F700C0982090787E00FF3600 /* Assets.xcassets */,
				F700C09A2090787E00FF3600 /* LaunchScreen.storyboard */,
				F700C09D2090787E00FF3600 /* Info.plist */,
				F700C09E2090787E00FF3600 /* main.m */,
			);
			path = AopTestDemo;
			sourceTree = "<group>";
		};
		F700C0A72090787E00FF3600 /* AopTestDemoTests */ = {
			isa = PBXGroup;
			children = (
				F700C0A82090787E00FF3600 /* AopTestDemoTests.m */,
				F700C0AA2090787E00FF3600 /* Info.plist */,
			);
			path = AopTestDemoTests;
			sourceTree = "<group>";
		};
		F700C0B22090787E00FF3600 /* AopTestDemoUITests */ = {
			isa = PBXGroup;
			children = (
				F700C0B32090787E00FF3600 /* AopTestDemoUITests.m */,
				F700C0B52090787E00FF3600 /* Info.plist */,
			);
			path = AopTestDemoUITests;
			sourceTree = "<group>";
		};
		F700C0C12090789000FF3600 /* CMAopPackage */ = {
			isa = PBXGroup;
			children = (
				F700C0C620907AE000FF3600 /* ForAppDelegate */,
				F700C0C520907ACD00FF3600 /* ForViewController */,
			);
			path = CMAopPackage;
			sourceTree = "<group>";
		};
		F700C0C520907ACD00FF3600 /* ForViewController */ = {
			isa = PBXGroup;
			children = (
				F700C0C720907B8300FF3600 /* UIViewController+Trace.h */,
				F700C0C820907B8300FF3600 /* UIViewController+Trace.m */,
				F700C0C220907AC400FF3600 /* TraceHandler.h */,
				F700C0C320907AC400FF3600 /* TraceHandler.m */,
			);
			path = ForViewController;
			sourceTree = "<group>";
		};
		F700C0C620907AE000FF3600 /* ForAppDelegate */ = {
			isa = PBXGroup;
			children = (
				F785BF6220907D0E00C12012 /* AppDelegate+Trace.h */,
				F785BF6320907D0E00C12012 /* AppDelegate+Trace.m */,
				F785BF6520907D2E00C12012 /* TraceManager.h */,
				F785BF6620907D2E00C12012 /* TraceManager.m */,
			);
			path = ForAppDelegate;
			sourceTree = "<group>";
		};
		F785BF6120907CCD00C12012 /* TestViewController */ = {
			isa = PBXGroup;
			children = (
				F785BF6820907DEA00C12012 /* Test1ViewController.h */,
				F785BF6920907DEA00C12012 /* Test1ViewController.m */,
				F785BF6B20907DF700C12012 /* Test2ViewController.h */,
				F785BF6C20907DF700C12012 /* Test2ViewController.m */,
			);
			path = TestViewController;
			sourceTree = "<group>";
		};
/* End PBXGroup section */

/* Begin PBXNativeTarget section */
		F700C08B2090787E00FF3600 /* AopTestDemo */ = {
			isa = PBXNativeTarget;
			buildConfigurationList = F700C0B82090787E00FF3600 /* Build configuration list for PBXNativeTarget "AopTestDemo" */;
			buildPhases = (
				50AE1F7E62E506CA8F8459AF /* [CP] Check Pods Manifest.lock */,
				F700C0882090787E00FF3600 /* Sources */,
				F700C0892090787E00FF3600 /* Frameworks */,
				F700C08A2090787E00FF3600 /* Resources */,
				EBB6D4FB1D2E67687B2CAF73 /* [CP] Embed Pods Frameworks */,
				FF32293FFB53AD47415DE577 /* [CP] Copy Pods Resources */,
			);
			buildRules = (
			);
			dependencies = (
			);
			name = AopTestDemo;
			productName = AopTestDemo;
			productReference = F700C08C2090787E00FF3600 /* AopTestDemo.app */;
			productType = "com.apple.product-type.application";
		};
		F700C0A32090787E00FF3600 /* AopTestDemoTests */ = {
			isa = PBXNativeTarget;
			buildConfigurationList = F700C0BB2090787E00FF3600 /* Build configuration list for PBXNativeTarget "AopTestDemoTests" */;
			buildPhases = (
				F700C0A02090787E00FF3600 /* Sources */,
				F700C0A12090787E00FF3600 /* Frameworks */,
				F700C0A22090787E00FF3600 /* Resources */,
			);
			buildRules = (
			);
			dependencies = (
				F700C0A62090787E00FF3600 /* PBXTargetDependency */,
			);
			name = AopTestDemoTests;
			productName = AopTestDemoTests;
			productReference = F700C0A42090787E00FF3600 /* AopTestDemoTests.xctest */;
			productType = "com.apple.product-type.bundle.unit-test";
		};
		F700C0AE2090787E00FF3600 /* AopTestDemoUITests */ = {
			isa = PBXNativeTarget;
			buildConfigurationList = F700C0BE2090787E00FF3600 /* Build configuration list for PBXNativeTarget "AopTestDemoUITests" */;
			buildPhases = (
				F700C0AB2090787E00FF3600 /* Sources */,
				F700C0AC2090787E00FF3600 /* Frameworks */,
				F700C0AD2090787E00FF3600 /* Resources */,
			);
			buildRules = (
			);
			dependencies = (
				F700C0B12090787E00FF3600 /* PBXTargetDependency */,
			);
			name = AopTestDemoUITests;
			productName = AopTestDemoUITests;
			productReference = F700C0AF2090787E00FF3600 /* AopTestDemoUITests.xctest */;
			productType = "com.apple.product-type.bundle.ui-testing";
		};
/* End PBXNativeTarget section */

/* Begin PBXProject section */
		F700C0842090787E00FF3600 /* Project object */ = {
			isa = PBXProject;
			attributes = {
				LastUpgradeCheck = 0920;
				ORGANIZATIONNAME = cimain;
				TargetAttributes = {
					F700C08B2090787E00FF3600 = {
						CreatedOnToolsVersion = 9.2;
						ProvisioningStyle = Automatic;
					};
					F700C0A32090787E00FF3600 = {
						CreatedOnToolsVersion = 9.2;
						ProvisioningStyle = Automatic;
						TestTargetID = F700C08B2090787E00FF3600;
					};
					F700C0AE2090787E00FF3600 = {
						CreatedOnToolsVersion = 9.2;
						ProvisioningStyle = Automatic;
						TestTargetID = F700C08B2090787E00FF3600;
					};
				};
			};
			buildConfigurationList = F700C0872090787E00FF3600 /* Build configuration list for PBXProject "AopTestDemo" */;
			compatibilityVersion = "Xcode 8.0";
			developmentRegion = en;
			hasScannedForEncodings = 0;
			knownRegions = (
				en,
				Base,
			);
			mainGroup = F700C0832090787E00FF3600;
			productRefGroup = F700C08D2090787E00FF3600 /* Products */;
			projectDirPath = "";
			projectRoot = "";
			targets = (
				F700C08B2090787E00FF3600 /* AopTestDemo */,
				F700C0A32090787E00FF3600 /* AopTestDemoTests */,
				F700C0AE2090787E00FF3600 /* AopTestDemoUITests */,
			);
		};
/* End PBXProject section */

/* Begin PBXResourcesBuildPhase section */
		F700C08A2090787E00FF3600 /* Resources */ = {
			isa = PBXResourcesBuildPhase;
			buildActionMask = 2147483647;
			files = (
				F700C09C2090787E00FF3600 /* LaunchScreen.storyboard in Resources */,
				F700C0992090787E00FF3600 /* Assets.xcassets in Resources */,
				F700C0972090787E00FF3600 /* Main.storyboard in Resources */,
			);
			runOnlyForDeploymentPostprocessing = 0;
		};
		F700C0A22090787E00FF3600 /* Resources */ = {
			isa = PBXResourcesBuildPhase;
			buildActionMask = 2147483647;
			files = (
			);
			runOnlyForDeploymentPostprocessing = 0;
		};
		F700C0AD2090787E00FF3600 /* Resources */ = {
			isa = PBXResourcesBuildPhase;
			buildActionMask = 2147483647;
			files = (
			);
			runOnlyForDeploymentPostprocessing = 0;
		};
/* End PBXResourcesBuildPhase section */

/* Begin PBXShellScriptBuildPhase section */
		50AE1F7E62E506CA8F8459AF /* [CP] Check Pods Manifest.lock */ = {
			isa = PBXShellScriptBuildPhase;
			buildActionMask = 2147483647;
			files = (
			);
			inputPaths = (
			);
			name = "[CP] Check Pods Manifest.lock";
			outputPaths = (
			);
			runOnlyForDeploymentPostprocessing = 0;
			shellPath = /bin/sh;
			shellScript = "diff \"${PODS_PODFILE_DIR_PATH}/Podfile.lock\" \"${PODS_ROOT}/Manifest.lock\" > /dev/null\nif [ $? != 0 ] ; then\n    # print error to STDERR\n    echo \"error: The sandbox is not in sync with the Podfile.lock. Run 'pod install' or update your CocoaPods installation.\" >&2\n    exit 1\nfi\n";
			showEnvVarsInLog = 0;
		};
		EBB6D4FB1D2E67687B2CAF73 /* [CP] Embed Pods Frameworks */ = {
			isa = PBXShellScriptBuildPhase;
			buildActionMask = 2147483647;
			files = (
			);
			inputPaths = (
			);
			name = "[CP] Embed Pods Frameworks";
			outputPaths = (
			);
			runOnlyForDeploymentPostprocessing = 0;
			shellPath = /bin/sh;
			shellScript = "\"${SRCROOT}/Pods/Target Support Files/Pods-AopTestDemo/Pods-AopTestDemo-frameworks.sh\"\n";
			showEnvVarsInLog = 0;
		};
		FF32293FFB53AD47415DE577 /* [CP] Copy Pods Resources */ = {
			isa = PBXShellScriptBuildPhase;
			buildActionMask = 2147483647;
			files = (
			);
			inputPaths = (
			);
			name = "[CP] Copy Pods Resources";
			outputPaths = (
			);
			runOnlyForDeploymentPostprocessing = 0;
			shellPath = /bin/sh;
			shellScript = "\"${SRCROOT}/Pods/Target Support Files/Pods-AopTestDemo/Pods-AopTestDemo-resources.sh\"\n";
			showEnvVarsInLog = 0;
		};
/* End PBXShellScriptBuildPhase section */

/* Begin PBXSourcesBuildPhase section */
		F700C0882090787E00FF3600 /* Sources */ = {
			isa = PBXSourcesBuildPhase;
			buildActionMask = 2147483647;
			files = (
				F785BF6A20907DEA00C12012 /* Test1ViewController.m in Sources */,
				F700C0942090787E00FF3600 /* ViewController.m in Sources */,
				F700C0C920907B8300FF3600 /* UIViewController+Trace.m in Sources */,
				F785BF6D20907DF700C12012 /* Test2ViewController.m in Sources */,
				F785BF6720907D2E00C12012 /* TraceManager.m in Sources */,
				F700C09F2090787E00FF3600 /* main.m in Sources */,
				F700C0C420907AC400FF3600 /* TraceHandler.m in Sources */,
				F785BF6420907D0E00C12012 /* AppDelegate+Trace.m in Sources */,
				F700C0912090787E00FF3600 /* AppDelegate.m in Sources */,
			);
			runOnlyForDeploymentPostprocessing = 0;
		};
		F700C0A02090787E00FF3600 /* Sources */ = {
			isa = PBXSourcesBuildPhase;
			buildActionMask = 2147483647;
			files = (
				F700C0A92090787E00FF3600 /* AopTestDemoTests.m in Sources */,
			);
			runOnlyForDeploymentPostprocessing = 0;
		};
		F700C0AB2090787E00FF3600 /* Sources */ = {
			isa = PBXSourcesBuildPhase;
			buildActionMask = 2147483647;
			files = (
				F700C0B42090787E00FF3600 /* AopTestDemoUITests.m in Sources */,
			);
			runOnlyForDeploymentPostprocessing = 0;
		};
/* End PBXSourcesBuildPhase section */

/* Begin PBXTargetDependency section */
		F700C0A62090787E00FF3600 /* PBXTargetDependency */ = {
			isa = PBXTargetDependency;
			target = F700C08B2090787E00FF3600 /* AopTestDemo */;
			targetProxy = F700C0A52090787E00FF3600 /* PBXContainerItemProxy */;
		};
		F700C0B12090787E00FF3600 /* PBXTargetDependency */ = {
			isa = PBXTargetDependency;
			target = F700C08B2090787E00FF3600 /* AopTestDemo */;
			targetProxy = F700C0B02090787E00FF3600 /* PBXContainerItemProxy */;
		};
/* End PBXTargetDependency section */

/* Begin PBXVariantGroup section */
		F700C0952090787E00FF3600 /* Main.storyboard */ = {
			isa = PBXVariantGroup;
			children = (
				F700C0962090787E00FF3600 /* Base */,
			);
			name = Main.storyboard;
			sourceTree = "<group>";
		};
		F700C09A2090787E00FF3600 /* LaunchScreen.storyboard */ = {
			isa = PBXVariantGroup;
			children = (
				F700C09B2090787E00FF3600 /* Base */,
			);
			name = LaunchScreen.storyboard;
			sourceTree = "<group>";
		};
/* End PBXVariantGroup section */

/* Begin XCBuildConfiguration section */
		F700C0B62090787E00FF3600 /* Debug */ = {
			isa = XCBuildConfiguration;
			buildSettings = {
				ALWAYS_SEARCH_USER_PATHS = NO;
				CLANG_ANALYZER_NONNULL = YES;
				CLANG_ANALYZER_NUMBER_OBJECT_CONVERSION = YES_AGGRESSIVE;
				CLANG_CXX_LANGUAGE_STANDARD = "gnu++14";
				CLANG_CXX_LIBRARY = "libc++";
				CLANG_ENABLE_MODULES = YES;
				CLANG_ENABLE_OBJC_ARC = YES;
				CLANG_WARN_BLOCK_CAPTURE_AUTORELEASING = YES;
				CLANG_WARN_BOOL_CONVERSION = YES;
				CLANG_WARN_COMMA = YES;
				CLANG_WARN_CONSTANT_CONVERSION = YES;
				CLANG_WARN_DIRECT_OBJC_ISA_USAGE = YES_ERROR;
				CLANG_WARN_DOCUMENTATION_COMMENTS = YES;
				CLANG_WARN_EMPTY_BODY = YES;
				CLANG_WARN_ENUM_CONVERSION = YES;
				CLANG_WARN_INFINITE_RECURSION = YES;
				CLANG_WARN_INT_CONVERSION = YES;
				CLANG_WARN_NON_LITERAL_NULL_CONVERSION = YES;
				CLANG_WARN_OBJC_LITERAL_CONVERSION = YES;
				CLANG_WARN_OBJC_ROOT_CLASS = YES_ERROR;
				CLANG_WARN_RANGE_LOOP_ANALYSIS = YES;
				CLANG_WARN_STRICT_PROTOTYPES = YES;
				CLANG_WARN_SUSPICIOUS_MOVE = YES;
				CLANG_WARN_UNGUARDED_AVAILABILITY = YES_AGGRESSIVE;
				CLANG_WARN_UNREACHABLE_CODE = YES;
				CLANG_WARN__DUPLICATE_METHOD_MATCH = YES;
				CODE_SIGN_IDENTITY = "iPhone Developer";
				COPY_PHASE_STRIP = NO;
				DEBUG_INFORMATION_FORMAT = dwarf;
				ENABLE_STRICT_OBJC_MSGSEND = YES;
				ENABLE_TESTABILITY = YES;
				GCC_C_LANGUAGE_STANDARD = gnu11;
				GCC_DYNAMIC_NO_PIC = NO;
				GCC_NO_COMMON_BLOCKS = YES;
				GCC_OPTIMIZATION_LEVEL = 0;
				GCC_PREPROCESSOR_DEFINITIONS = (
					"DEBUG=1",
					"$(inherited)",
				);
				GCC_WARN_64_TO_32_BIT_CONVERSION = YES;
				GCC_WARN_ABOUT_RETURN_TYPE = YES_ERROR;
				GCC_WARN_UNDECLARED_SELECTOR = YES;
				GCC_WARN_UNINITIALIZED_AUTOS = YES_AGGRESSIVE;
				GCC_WARN_UNUSED_FUNCTION = YES;
				GCC_WARN_UNUSED_VARIABLE = YES;
				IPHONEOS_DEPLOYMENT_TARGET = 9.0;
				MTL_ENABLE_DEBUG_INFO = YES;
				ONLY_ACTIVE_ARCH = YES;
				SDKROOT = iphoneos;
			};
			name = Debug;
		};
		F700C0B72090787E00FF3600 /* Release */ = {
			isa = XCBuildConfiguration;
			buildSettings = {
				ALWAYS_SEARCH_USER_PATHS = NO;
				CLANG_ANALYZER_NONNULL = YES;
				CLANG_ANALYZER_NUMBER_OBJECT_CONVERSION = YES_AGGRESSIVE;
				CLANG_CXX_LANGUAGE_STANDARD = "gnu++14";
				CLANG_CXX_LIBRARY = "libc++";
				CLANG_ENABLE_MODULES = YES;
				CLANG_ENABLE_OBJC_ARC = YES;
				CLANG_WARN_BLOCK_CAPTURE_AUTORELEASING = YES;
				CLANG_WARN_BOOL_CONVERSION = YES;
				CLANG_WARN_COMMA = YES;
				CLANG_WARN_CONSTANT_CONVERSION = YES;
				CLANG_WARN_DIRECT_OBJC_ISA_USAGE = YES_ERROR;
				CLANG_WARN_DOCUMENTATION_COMMENTS = YES;
				CLANG_WARN_EMPTY_BODY = YES;
				CLANG_WARN_ENUM_CONVERSION = YES;
				CLANG_WARN_INFINITE_RECURSION = YES;
				CLANG_WARN_INT_CONVERSION = YES;
				CLANG_WARN_NON_LITERAL_NULL_CONVERSION = YES;
				CLANG_WARN_OBJC_LITERAL_CONVERSION = YES;
				CLANG_WARN_OBJC_ROOT_CLASS = YES_ERROR;
				CLANG_WARN_RANGE_LOOP_ANALYSIS = YES;
				CLANG_WARN_STRICT_PROTOTYPES = YES;
				CLANG_WARN_SUSPICIOUS_MOVE = YES;
				CLANG_WARN_UNGUARDED_AVAILABILITY = YES_AGGRESSIVE;
				CLANG_WARN_UNREACHABLE_CODE = YES;
				CLANG_WARN__DUPLICATE_METHOD_MATCH = YES;
				CODE_SIGN_IDENTITY = "iPhone Developer";
				COPY_PHASE_STRIP = NO;
				DEBUG_INFORMATION_FORMAT = "dwarf-with-dsym";
				ENABLE_NS_ASSERTIONS = NO;
				ENABLE_STRICT_OBJC_MSGSEND = YES;
				GCC_C_LANGUAGE_STANDARD = gnu11;
				GCC_NO_COMMON_BLOCKS = YES;
				GCC_WARN_64_TO_32_BIT_CONVERSION = YES;
				GCC_WARN_ABOUT_RETURN_TYPE = YES_ERROR;
				GCC_WARN_UNDECLARED_SELECTOR = YES;
				GCC_WARN_UNINITIALIZED_AUTOS = YES_AGGRESSIVE;
				GCC_WARN_UNUSED_FUNCTION = YES;
				GCC_WARN_UNUSED_VARIABLE = YES;
				IPHONEOS_DEPLOYMENT_TARGET = 9.0;
				MTL_ENABLE_DEBUG_INFO = NO;
				SDKROOT = iphoneos;
				VALIDATE_PRODUCT = YES;
			};
			name = Release;
		};
		F700C0B92090787E00FF3600 /* Debug */ = {
			isa = XCBuildConfiguration;
			baseConfigurationReference = 34D188716BE872AAEFF26A6F /* Pods-AopTestDemo.debug.xcconfig */;
			buildSettings = {
				ASSETCATALOG_COMPILER_APPICON_NAME = AppIcon;
				CODE_SIGN_STYLE = Automatic;
				DEVELOPMENT_TEAM = G9A57BVG7J;
				INFOPLIST_FILE = AopTestDemo/Info.plist;
				LD_RUNPATH_SEARCH_PATHS = "$(inherited) @executable_path/Frameworks";
				PRODUCT_BUNDLE_IDENTIFIER = com.cimain.block222.AopTestDemo;
				PRODUCT_NAME = "$(TARGET_NAME)";
				TARGETED_DEVICE_FAMILY = "1,2";
			};
			name = Debug;
		};
		F700C0BA2090787E00FF3600 /* Release */ = {
			isa = XCBuildConfiguration;
			baseConfigurationReference = 872B27620BBB23AA83EB8746 /* Pods-AopTestDemo.release.xcconfig */;
			buildSettings = {
				ASSETCATALOG_COMPILER_APPICON_NAME = AppIcon;
				CODE_SIGN_STYLE = Automatic;
				DEVELOPMENT_TEAM = G9A57BVG7J;
				INFOPLIST_FILE = AopTestDemo/Info.plist;
				LD_RUNPATH_SEARCH_PATHS = "$(inherited) @executable_path/Frameworks";
				PRODUCT_BUNDLE_IDENTIFIER = com.cimain.block222.AopTestDemo;
				PRODUCT_NAME = "$(TARGET_NAME)";
				TARGETED_DEVICE_FAMILY = "1,2";
			};
			name = Release;
		};
		F700C0BC2090787E00FF3600 /* Debug */ = {
			isa = XCBuildConfiguration;
			buildSettings = {
				BUNDLE_LOADER = "$(TEST_HOST)";
				CODE_SIGN_STYLE = Automatic;
				DEVELOPMENT_TEAM = G9A57BVG7J;
				INFOPLIST_FILE = AopTestDemoTests/Info.plist;
				LD_RUNPATH_SEARCH_PATHS = "$(inherited) @executable_path/Frameworks @loader_path/Frameworks";
				PRODUCT_BUNDLE_IDENTIFIER = com.cimain.block222.AopTestDemoTests;
				PRODUCT_NAME = "$(TARGET_NAME)";
				TARGETED_DEVICE_FAMILY = "1,2";
				TEST_HOST = "$(BUILT_PRODUCTS_DIR)/AopTestDemo.app/AopTestDemo";
			};
			name = Debug;
		};
		F700C0BD2090787E00FF3600 /* Release */ = {
			isa = XCBuildConfiguration;
			buildSettings = {
				BUNDLE_LOADER = "$(TEST_HOST)";
				CODE_SIGN_STYLE = Automatic;
				DEVELOPMENT_TEAM = G9A57BVG7J;
				INFOPLIST_FILE = AopTestDemoTests/Info.plist;
				LD_RUNPATH_SEARCH_PATHS = "$(inherited) @executable_path/Frameworks @loader_path/Frameworks";
				PRODUCT_BUNDLE_IDENTIFIER = com.cimain.block222.AopTestDemoTests;
				PRODUCT_NAME = "$(TARGET_NAME)";
				TARGETED_DEVICE_FAMILY = "1,2";
				TEST_HOST = "$(BUILT_PRODUCTS_DIR)/AopTestDemo.app/AopTestDemo";
			};
			name = Release;
		};
		F700C0BF2090787E00FF3600 /* Debug */ = {
			isa = XCBuildConfiguration;
			buildSettings = {
				CODE_SIGN_STYLE = Automatic;
				DEVELOPMENT_TEAM = G9A57BVG7J;
				INFOPLIST_FILE = AopTestDemoUITests/Info.plist;
				LD_RUNPATH_SEARCH_PATHS = "$(inherited) @executable_path/Frameworks @loader_path/Frameworks";
				PRODUCT_BUNDLE_IDENTIFIER = com.cimain.block222.AopTestDemoUITests;
				PRODUCT_NAME = "$(TARGET_NAME)";
				TARGETED_DEVICE_FAMILY = "1,2";
				TEST_TARGET_NAME = AopTestDemo;
			};
			name = Debug;
		};
		F700C0C02090787E00FF3600 /* Release */ = {
			isa = XCBuildConfiguration;
			buildSettings = {
				CODE_SIGN_STYLE = Automatic;
				DEVELOPMENT_TEAM = G9A57BVG7J;
				INFOPLIST_FILE = AopTestDemoUITests/Info.plist;
				LD_RUNPATH_SEARCH_PATHS = "$(inherited) @executable_path/Frameworks @loader_path/Frameworks";
				PRODUCT_BUNDLE_IDENTIFIER = com.cimain.block222.AopTestDemoUITests;
				PRODUCT_NAME = "$(TARGET_NAME)";
				TARGETED_DEVICE_FAMILY = "1,2";
				TEST_TARGET_NAME = AopTestDemo;
			};
			name = Release;
		};
/* End XCBuildConfiguration section */

/* Begin XCConfigurationList section */
		F700C0872090787E00FF3600 /* Build configuration list for PBXProject "AopTestDemo" */ = {
			isa = XCConfigurationList;
			buildConfigurations = (
				F700C0B62090787E00FF3600 /* Debug */,
				F700C0B72090787E00FF3600 /* Release */,
			);
			defaultConfigurationIsVisible = 0;
			defaultConfigurationName = Release;
		};
		F700C0B82090787E00FF3600 /* Build configuration list for PBXNativeTarget "AopTestDemo" */ = {
			isa = XCConfigurationList;
			buildConfigurations = (
				F700C0B92090787E00FF3600 /* Debug */,
				F700C0BA2090787E00FF3600 /* Release */,
			);
			defaultConfigurationIsVisible = 0;
			defaultConfigurationName = Release;
		};
		F700C0BB2090787E00FF3600 /* Build configuration list for PBXNativeTarget "AopTestDemoTests" */ = {
			isa = XCConfigurationList;
			buildConfigurations = (
				F700C0BC2090787E00FF3600 /* Debug */,
				F700C0BD2090787E00FF3600 /* Release */,
			);
			defaultConfigurationIsVisible = 0;
			defaultConfigurationName = Release;
		};
		F700C0BE2090787E00FF3600 /* Build configuration list for PBXNativeTarget "AopTestDemoUITests" */ = {
			isa = XCConfigurationList;
			buildConfigurations = (
				F700C0BF2090787E00FF3600 /* Debug */,
				F700C0C02090787E00FF3600 /* Release */,
			);
			defaultConfigurationIsVisible = 0;
			defaultConfigurationName = Release;
		};
/* End XCConfigurationList section */
	};
	rootObject = F700C0842090787E00FF3600 /* Project object */;
}
